
Microsoft Visual Studio Solution File, Format Version 12.00
# Visual Studio 2013
VisualStudioVersion = 12.0.40629.0
MinimumVisualStudioVersion = 10.0.40219.1
Project("{FAE04EC0-301F-11D3-BF4B-00C04F79EFBC}") = "BrailleIOExample", "BrailleIOExample.csproj", "{57AF3EA5-1ED7-42AC-A3D5-B973E3569FAD}"
EndProject
Project("{FAE04EC0-301F-11D3-BF4B-00C04F79EFBC}") = "BrailleIO", "..\BrailleIO\BrailleIO.csproj", "{623E618C-F034-473E-A5AF-280B20A5BA8F}"
EndProject
Project("{FAE04EC0-301F-11D3-BF4B-00C04F79EFBC}") = "BrailleIO_ShowOff", "..\BrailleIO_ShowOff\BrailleIO_ShowOff.csproj", "{9CF455A0-B3B8-4D16-B54C-8EAF6BC97E06}"
EndProject
Project("{FAE04EC0-301F-11D3-BF4B-00C04F79EFBC}") = "BrailleRenderer", "..\BrailleRenderer\BrailleRenderer.csproj", "{FC472E01-7C5A-4982-9825-59589AAADCCB}"
EndProject
Project("{FAE04EC0-301F-11D3-BF4B-00C04F79EFBC}") = "GestureRecognizer", "..\GestureRecognizer\GestureRecognizer.csproj", "{73BD1F41-CE19-40DE-A0EC-A70A9F003DEC}"
EndProject
Project("{FAE04EC0-301F-11D3-BF4B-00C04F79EFBC}") = "BrailleIO_Interfaces", "..\BrailleIO_Interfaces\BrailleIO_Interfaces.csproj", "{168EC2F2-7E4A-493A-AB4A-9FB1B45DAB64}"
EndProject
Global
	GlobalSection(SolutionConfigurationPlatforms) = preSolution
		Debug|Any CPU = Debug|Any CPU
		Debug|Mixed Platforms = Debug|Mixed Platforms
		Debug|x86 = Debug|x86
		Release|Any CPU = Release|Any CPU
		Release|Mixed Platforms = Release|Mixed Platforms
		Release|x86 = Release|x86
	EndGlobalSection
	GlobalSection(ProjectConfigurationPlatforms) = postSolution
		{57AF3EA5-1ED7-42AC-A3D5-B973E3569FAD}.Debug|Any CPU.ActiveCfg = Debug|x86
		{57AF3EA5-1ED7-42AC-A3D5-B973E3569FAD}.Debug|Mixed Platforms.ActiveCfg = Debug|x86
		{57AF3EA5-1ED7-42AC-A3D5-B973E3569FAD}.Debug|Mixed Platforms.Build.0 = Debug|x86
		{57AF3EA5-1ED7-42AC-A3D5-B973E3569FAD}.Debug|x86.ActiveCfg = Debug|x86
		{57AF3EA5-1ED7-42AC-A3D5-B973E3569FAD}.Debug|x86.Build.0 = Debug|x86
		{57AF3EA5-1ED7-42AC-A3D5-B973E3569FAD}.Release|Any CPU.ActiveCfg = Release|x86
		{57AF3EA5-1ED7-42AC-A3D5-B973E3569FAD}.Release|Mixed Platforms.ActiveCfg = Release|x86
		{57AF3EA5-1ED7-42AC-A3D5-B973E3569FAD}.Release|Mixed Platforms.Build.0 = Release|x86
		{57AF3EA5-1ED7-42AC-A3D5-B973E3569FAD}.Release|x86.ActiveCfg = Release|x86
		{57AF3EA5-1ED7-42AC-A3D5-B973E3569FAD}.Release|x86.Build.0 = Release|x86
		{623E618C-F034-473E-A5AF-280B20A5BA8F}.Debug|Any CPU.ActiveCfg = Debug|x86
		{623E618C-F034-473E-A5AF-280B20A5BA8F}.Debug|Mixed Platforms.ActiveCfg = Debug|x86
		{623E618C-F034-473E-A5AF-280B20A5BA8F}.Debug|Mixed Platforms.Build.0 = Debug|x86
		{623E618C-F034-473E-A5AF-280B20A5BA8F}.Debug|x86.ActiveCfg = Debug|x86
		{623E618C-F034-473E-A5AF-280B20A5BA8F}.Debug|x86.Build.0 = Debug|x86
		{623E618C-F034-473E-A5AF-280B20A5BA8F}.Release|Any CPU.ActiveCfg = Release|x86
		{623E618C-F034-473E-A5AF-280B20A5BA8F}.Release|Mixed Platforms.ActiveCfg = Release|x86
		{623E618C-F034-473E-A5AF-280B20A5BA8F}.Release|Mixed Platforms.Build.0 = Release|x86
		{623E618C-F034-473E-A5AF-280B20A5BA8F}.Release|x86.ActiveCfg = Release|x86
		{623E618C-F034-473E-A5AF-280B20A5BA8F}.Release|x86.Build.0 = Release|x86
		{9CF455A0-B3B8-4D16-B54C-8EAF6BC97E06}.Debug|Any CPU.ActiveCfg = Debug|x86
		{9CF455A0-B3B8-4D16-B54C-8EAF6BC97E06}.Debug|Mixed Platforms.ActiveCfg = Debug|x86
		{9CF455A0-B3B8-4D16-B54C-8EAF6BC97E06}.Debug|Mixed Platforms.Build.0 = Debug|x86
		{9CF455A0-B3B8-4D16-B54C-8EAF6BC97E06}.Debug|x86.ActiveCfg = Debug|x86
		{9CF455A0-B3B8-4D16-B54C-8EAF6BC97E06}.Debug|x86.Build.0 = Debug|x86
		{9CF455A0-B3B8-4D16-B54C-8EAF6BC97E06}.Release|Any CPU.ActiveCfg = Release|x86
		{9CF455A0-B3B8-4D16-B54C-8EAF6BC97E06}.Release|Mixed Platforms.ActiveCfg = Release|x86
		{9CF455A0-B3B8-4D16-B54C-8EAF6BC97E06}.Release|Mixed Platforms.Build.0 = Release|x86
		{9CF455A0-B3B8-4D16-B54C-8EAF6BC97E06}.Release|x86.ActiveCfg = Release|x86
		{9CF455A0-B3B8-4D16-B54C-8EAF6BC97E06}.Release|x86.Build.0 = Release|x86
		{FC472E01-7C5A-4982-9825-59589AAADCCB}.Debug|Any CPU.ActiveCfg = Debug|Any CPU
		{FC472E01-7C5A-4982-9825-59589AAADCCB}.Debug|Any CPU.Build.0 = Debug|Any CPU
		{FC472E01-7C5A-4982-9825-59589AAADCCB}.Debug|Mixed Platforms.ActiveCfg = Debug|Any CPU
		{FC472E01-7C5A-4982-9825-59589AAADCCB}.Debug|Mixed Platforms.Build.0 = Debug|Any CPU
		{FC472E01-7C5A-4982-9825-59589AAADCCB}.Debug|x86.ActiveCfg = Debug|Any CPU
		{FC472E01-7C5A-4982-9825-59589AAADCCB}.Release|Any CPU.ActiveCfg = Release|Any CPU
		{FC472E01-7C5A-4982-9825-59589AAADCCB}.Release|Any CPU.Build.0 = Release|Any CPU
		{FC472E01-7C5A-4982-9825-59589AAADCCB}.Release|Mixed Platforms.ActiveCfg = Release|Any CPU
		{FC472E01-7C5A-4982-9825-59589AAADCCB}.Release|Mixed Platforms.Build.0 = Release|Any CPU
		{FC472E01-7C5A-4982-9825-59589AAADCCB}.Release|x86.ActiveCfg = Release|Any CPU
		{73BD1F41-CE19-40DE-A0EC-A70A9F003DEC}.Debug|Any CPU.ActiveCfg = Debug|Any CPU
		{73BD1F41-CE19-40DE-A0EC-A70A9F003DEC}.Debug|Any CPU.Build.0 = Debug|Any CPU
		{73BD1F41-CE19-40DE-A0EC-A70A9F003DEC}.Debug|Mixed Platforms.ActiveCfg = Debug|Any CPU
		{73BD1F41-CE19-40DE-A0EC-A70A9F003DEC}.Debug|Mixed Platforms.Build.0 = Debug|Any CPU
		{73BD1F41-CE19-40DE-A0EC-A70A9F003DEC}.Debug|x86.ActiveCfg = Debug|Any CPU
		{73BD1F41-CE19-40DE-A0EC-A70A9F003DEC}.Release|Any CPU.ActiveCfg = Release|Any CPU
		{73BD1F41-CE19-40DE-A0EC-A70A9F003DEC}.Release|Any CPU.Build.0 = Release|Any CPU
		{73BD1F41-CE19-40DE-A0EC-A70A9F003DEC}.Release|Mixed Platforms.ActiveCfg = Release|Any CPU
		{73BD1F41-CE19-40DE-A0EC-A70A9F003DEC}.Release|Mixed Platforms.Build.0 = Release|Any CPU
		{73BD1F41-CE19-40DE-A0EC-A70A9F003DEC}.Release|x86.ActiveCfg = Release|Any CPU
		{168EC2F2-7E4A-493A-AB4A-9FB1B45DAB64}.Debug|Any CPU.ActiveCfg = Debug|Any CPU
		{168EC2F2-7E4A-493A-AB4A-9FB1B45DAB64}.Debug|Any CPU.Build.0 = Debug|Any CPU
		{168EC2F2-7E4A-493A-AB4A-9FB1B45DAB64}.Debug|Mixed Platforms.ActiveCfg = Debug|Any CPU
		{168EC2F2-7E4A-493A-AB4A-9FB1B45DAB64}.Debug|Mixed Platforms.Build.0 = Debug|Any CPU
		{168EC2F2-7E4A-493A-AB4A-9FB1B45DAB64}.Debug|x86.ActiveCfg = Debug|Any CPU
		{168EC2F2-7E4A-493A-AB4A-9FB1B45DAB64}.Release|Any CPU.ActiveCfg = Release|Any CPU
		{168EC2F2-7E4A-493A-AB4A-9FB1B45DAB64}.Release|Any CPU.Build.0 = Release|Any CPU
		{168EC2F2-7E4A-493A-AB4A-9FB1B45DAB64}.Release|Mixed Platforms.ActiveCfg = Release|Any CPU
		{168EC2F2-7E4A-493A-AB4A-9FB1B45DAB64}.Release|Mixed Platforms.Build.0 = Release|Any CPU
		{168EC2F2-7E4A-493A-AB4A-9FB1B45DAB64}.Release|x86.ActiveCfg = Release|Any CPU
	EndGlobalSection
	GlobalSection(SolutionProperties) = preSolution
		HideSolutionNode = FALSE
	EndGlobalSection
EndGlobal
