
Microsoft Visual Studio Solution File, Format Version 11.00
# Visual Studio 2010
Project("{FAE04EC0-301F-11D3-BF4B-00C04F79EFBC}") = "Braille-Renderer", "Braille-Renderer\Braille-Renderer.csproj", "{A3A54ED7-71E3-49D4-B389-5604C4393F99}"
EndProject
Global
	GlobalSection(SolutionConfigurationPlatforms) = preSolution
		Debug|x86 = Debug|x86
		Release|x86 = Release|x86
	EndGlobalSection
	GlobalSection(ProjectConfigurationPlatforms) = postSolution
		{A3A54ED7-71E3-49D4-B389-5604C4393F99}.Debug|x86.ActiveCfg = Debug|x86
		{A3A54ED7-71E3-49D4-B389-5604C4393F99}.Debug|x86.Build.0 = Debug|x86
		{A3A54ED7-71E3-49D4-B389-5604C4393F99}.Release|x86.ActiveCfg = Release|x86
		{A3A54ED7-71E3-49D4-B389-5604C4393F99}.Release|x86.Build.0 = Release|x86
	EndGlobalSection
	GlobalSection(SolutionProperties) = preSolution
		HideSolutionNode = FALSE
	EndGlobalSection
EndGlobal
